// !$*UTF8*$!
{
	archiveVersion = 1;
	classes = {
	};
	objectVersion = 55;
	objects = {

/* Begin PBXBuildFile section */
		5EB256E52882325E003ABDCB /* AppDelegate.swift in Sources */ = {isa = PBXBuildFile; fileRef = 5EB256E42882325E003ABDCB /* AppDelegate.swift */; };
		5EB256E72882325E003ABDCB /* SceneDelegate.swift in Sources */ = {isa = PBXBuildFile; fileRef = 5EB256E62882325E003ABDCB /* SceneDelegate.swift */; };
		5EB256E92882325E003ABDCB /* ViewController.swift in Sources */ = {isa = PBXBuildFile; fileRef = 5EB256E82882325E003ABDCB /* ViewController.swift */; };
		5EB256EC2882325E003ABDCB /* Main.storyboard in Resources */ = {isa = PBXBuildFile; fileRef = 5EB256EA2882325E003ABDCB /* Main.storyboard */; };
		5EB256EE28823261003ABDCB /* Assets.xcassets in Resources */ = {isa = PBXBuildFile; fileRef = 5EB256ED28823261003ABDCB /* Assets.xcassets */; };
		5EB256F128823261003ABDCB /* LaunchScreen.storyboard in Resources */ = {isa = PBXBuildFile; fileRef = 5EB256EF28823261003ABDCB /* LaunchScreen.storyboard */; };
		5EB256FC28823262003ABDCB /* PreworkTests.swift in Sources */ = {isa = PBXBuildFile; fileRef = 5EB256FB28823262003ABDCB /* PreworkTests.swift */; };
		5EB2570628823262003ABDCB /* PreworkUITests.swift in Sources */ = {isa = PBXBuildFile; fileRef = 5EB2570528823262003ABDCB /* PreworkUITests.swift */; };
		5EB2570828823262003ABDCB /* PreworkUITestsLaunchTests.swift in Sources */ = {isa = PBXBuildFile; fileRef = 5EB2570728823262003ABDCB /* PreworkUITestsLaunchTests.swift */; };
/* End PBXBuildFile section */

/* Begin PBXContainerItemProxy section */
		5EB256F828823262003ABDCB /* PBXContainerItemProxy */ = {
			isa = PBXContainerItemProxy;
			containerPortal = 5EB256D92882325E003ABDCB /* Project object */;
			proxyType = 1;
			remoteGlobalIDString = 5EB256E02882325E003ABDCB;
			remoteInfo = Prework;
		};
		5EB2570228823262003ABDCB /* PBXContainerItemProxy */ = {
			isa = PBXContainerItemProxy;
			containerPortal = 5EB256D92882325E003ABDCB /* Project object */;
			proxyType = 1;
			remoteGlobalIDString = 5EB256E02882325E003ABDCB;
			remoteInfo = Prework;
		};
/* End PBXContainerItemProxy section */

/* Begin PBXFileReference section */
		5EB256E12882325E003ABDCB /* Prework.app */ = {isa = PBXFileReference; explicitFileType = wrapper.application; includeInIndex = 0; path = Prework.app; sourceTree = BUILT_PRODUCTS_DIR; };
		5EB256E42882325E003ABDCB /* AppDelegate.swift */ = {isa = PBXFileReference; lastKnownFileType = sourcecode.swift; path = AppDelegate.swift; sourceTree = "<group>"; };
		5EB256E62882325E003ABDCB /* SceneDelegate.swift */ = {isa = PBXFileReference; lastKnownFileType = sourcecode.swift; path = SceneDelegate.swift; sourceTree = "<group>"; };
		5EB256E82882325E003ABDCB /* ViewController.swift */ = {isa = PBXFileReference; lastKnownFileType = sourcecode.swift; path = ViewController.swift; sourceTree = "<group>"; };
		5EB256EB2882325E003ABDCB /* Base */ = {isa = PBXFileReference; lastKnownFileType = file.storyboard; name = Base; path = Base.lproj/Main.storyboard; sourceTree = "<group>"; };
		5EB256ED28823261003ABDCB /* Assets.xcassets */ = {isa = PBXFileReference; lastKnownFileType = folder.assetcatalog; path = Assets.xcassets; sourceTree = "<group>"; };
		5EB256F028823261003ABDCB /* Base */ = {isa = PBXFileReference; lastKnownFileType = file.storyboard; name = Base; path = Base.lproj/LaunchScreen.storyboard; sourceTree = "<group>"; };
		5EB256F228823261003ABDCB /* Info.plist */ = {isa = PBXFileReference; lastKnownFileType = text.plist.xml; path = Info.plist; sourceTree = "<group>"; };
		5EB256F728823262003ABDCB /* PreworkTests.xctest */ = {isa = PBXFileReference; explicitFileType = wrapper.cfbundle; includeInIndex = 0; path = PreworkTests.xctest; sourceTree = BUILT_PRODUCTS_DIR; };
		5EB256FB28823262003ABDCB /* PreworkTests.swift */ = {isa = PBXFileReference; lastKnownFileType = sourcecode.swift; path = PreworkTests.swift; sourceTree = "<group>"; };
		5EB2570128823262003ABDCB /* PreworkUITests.xctest */ = {isa = PBXFileReference; explicitFileType = wrapper.cfbundle; includeInIndex = 0; path = PreworkUITests.xctest; sourceTree = BUILT_PRODUCTS_DIR; };
		5EB2570528823262003ABDCB /* PreworkUITests.swift */ = {isa = PBXFileReference; lastKnownFileType = sourcecode.swift; path = PreworkUITests.swift; sourceTree = "<group>"; };
		5EB2570728823262003ABDCB /* PreworkUITestsLaunchTests.swift */ = {isa = PBXFileReference; lastKnownFileType = sourcecode.swift; path = PreworkUITestsLaunchTests.swift; sourceTree = "<group>"; };
/* End PBXFileReference section */

/* Begin PBXFrameworksBuildPhase section */
		5EB256DE2882325E003ABDCB /* Frameworks */ = {
			isa = PBXFrameworksBuildPhase;
			buildActionMask = 2147483647;
			files = (
			);
			runOnlyForDeploymentPostprocessing = 0;
		};
		5EB256F428823262003ABDCB /* Frameworks */ = {
			isa = PBXFrameworksBuildPhase;
			buildActionMask = 2147483647;
			files = (
			);
			runOnlyForDeploymentPostprocessing = 0;
		};
		5EB256FE28823262003ABDCB /* Frameworks */ = {
			isa = PBXFrameworksBuildPhase;
			buildActionMask = 2147483647;
			files = (
			);
			runOnlyForDeploymentPostprocessing = 0;
		};
/* End PBXFrameworksBuildPhase section */

/* Begin PBXGroup section */
		5EB256D82882325E003ABDCB = {
			isa = PBXGroup;
			children = (
				5EB256E32882325E003ABDCB /* Prework */,
				5EB256FA28823262003ABDCB /* PreworkTests */,
				5EB2570428823262003ABDCB /* PreworkUITests */,
				5EB256E22882325E003ABDCB /* Products */,
			);
			sourceTree = "<group>";
		};
		5EB256E22882325E003ABDCB /* Products */ = {
			isa = PBXGroup;
			children = (
				5EB256E12882325E003ABDCB /* Prework.app */,
				5EB256F728823262003ABDCB /* PreworkTests.xctest */,
				5EB2570128823262003ABDCB /* PreworkUITests.xctest */,
			);
			name = Products;
			sourceTree = "<group>";
		};
		5EB256E32882325E003ABDCB /* Prework */ = {
			isa = PBXGroup;
			children = (
				5EB256E42882325E003ABDCB /* AppDelegate.swift */,
				5EB256E62882325E003ABDCB /* SceneDelegate.swift */,
				5EB256E82882325E003ABDCB /* ViewController.swift */,
				5EB256EA2882325E003ABDCB /* Main.storyboard */,
				5EB256ED28823261003ABDCB /* Assets.xcassets */,
				5EB256EF28823261003ABDCB /* LaunchScreen.storyboard */,
				5EB256F228823261003ABDCB /* Info.plist */,
			);
			path = Prework;
			sourceTree = "<group>";
		};
		5EB256FA28823262003ABDCB /* PreworkTests */ = {
			isa = PBXGroup;
			children = (
				5EB256FB28823262003ABDCB /* PreworkTests.swift */,
			);
			path = PreworkTests;
			sourceTree = "<group>";
		};
		5EB2570428823262003ABDCB /* PreworkUITests */ = {
			isa = PBXGroup;
			children = (
				5EB2570528823262003ABDCB /* PreworkUITests.swift */,
				5EB2570728823262003ABDCB /* PreworkUITestsLaunchTests.swift */,
			);
			path = PreworkUITests;
			sourceTree = "<group>";
		};
/* End PBXGroup section */

/* Begin PBXNativeTarget section */
		5EB256E02882325E003ABDCB /* Prework */ = {
			isa = PBXNativeTarget;
			buildConfigurationList = 5EB2570B28823262003ABDCB /* Build configuration list for PBXNativeTarget "Prework" */;
			buildPhases = (
				5EB256DD2882325E003ABDCB /* Sources */,
				5EB256DE2882325E003ABDCB /* Frameworks */,
				5EB256DF2882325E003ABDCB /* Resources */,
			);
			buildRules = (
			);
			dependencies = (
			);
			name = Prework;
			productName = Prework;
			productReference = 5EB256E12882325E003ABDCB /* Prework.app */;
			productType = "com.apple.product-type.application";
		};
		5EB256F628823262003ABDCB /* PreworkTests */ = {
			isa = PBXNativeTarget;
			buildConfigurationList = 5EB2570E28823262003ABDCB /* Build configuration list for PBXNativeTarget "PreworkTests" */;
			buildPhases = (
				5EB256F328823262003ABDCB /* Sources */,
				5EB256F428823262003ABDCB /* Frameworks */,
				5EB256F528823262003ABDCB /* Resources */,
			);
			buildRules = (
			);
			dependencies = (
				5EB256F928823262003ABDCB /* PBXTargetDependency */,
			);
			name = PreworkTests;
			productName = PreworkTests;
			productReference = 5EB256F728823262003ABDCB /* PreworkTests.xctest */;
			productType = "com.apple.product-type.bundle.unit-test";
		};
		5EB2570028823262003ABDCB /* PreworkUITests */ = {
			isa = PBXNativeTarget;
			buildConfigurationList = 5EB2571128823262003ABDCB /* Build configuration list for PBXNativeTarget "PreworkUITests" */;
			buildPhases = (
				5EB256FD28823262003ABDCB /* Sources */,
				5EB256FE28823262003ABDCB /* Frameworks */,
				5EB256FF28823262003ABDCB /* Resources */,
			);
			buildRules = (
			);
			dependencies = (
				5EB2570328823262003ABDCB /* PBXTargetDependency */,
			);
			name = PreworkUITests;
			productName = PreworkUITests;
			productReference = 5EB2570128823262003ABDCB /* PreworkUITests.xctest */;
			productType = "com.apple.product-type.bundle.ui-testing";
		};
/* End PBXNativeTarget section */

/* Begin PBXProject section */
		5EB256D92882325E003ABDCB /* Project object */ = {
			isa = PBXProject;
			attributes = {
				BuildIndependentTargetsInParallel = 1;
				LastSwiftUpdateCheck = 1340;
				LastUpgradeCheck = 1340;
				TargetAttributes = {
					5EB256E02882325E003ABDCB = {
						CreatedOnToolsVersion = 13.4.1;
					};
					5EB256F628823262003ABDCB = {
						CreatedOnToolsVersion = 13.4.1;
						TestTargetID = 5EB256E02882325E003ABDCB;
					};
					5EB2570028823262003ABDCB = {
						CreatedOnToolsVersion = 13.4.1;
						TestTargetID = 5EB256E02882325E003ABDCB;
					};
				};
			};
			buildConfigurationList = 5EB256DC2882325E003ABDCB /* Build configuration list for PBXProject "Prework" */;
			compatibilityVersion = "Xcode 13.0";
			developmentRegion = en;
			hasScannedForEncodings = 0;
			knownRegions = (
				en,
				Base,
			);
			mainGroup = 5EB256D82882325E003ABDCB;
			productRefGroup = 5EB256E22882325E003ABDCB /* Products */;
			projectDirPath = "";
			projectRoot = "";
			targets = (
				5EB256E02882325E003ABDCB /* Prework */,
				5EB256F628823262003ABDCB /* PreworkTests */,
				5EB2570028823262003ABDCB /* PreworkUITests */,
			);
		};
/* End PBXProject section */

/* Begin PBXResourcesBuildPhase section */
		5EB256DF2882325E003ABDCB /* Resources */ = {
			isa = PBXResourcesBuildPhase;
			buildActionMask = 2147483647;
			files = (
				5EB256F128823261003ABDCB /* LaunchScreen.storyboard in Resources */,
				5EB256EE28823261003ABDCB /* Assets.xcassets in Resources */,
				5EB256EC2882325E003ABDCB /* Main.storyboard in Resources */,
			);
			runOnlyForDeploymentPostprocessing = 0;
		};
		5EB256F528823262003ABDCB /* Resources */ = {
			isa = PBXResourcesBuildPhase;
			buildActionMask = 2147483647;
			files = (
			);
			runOnlyForDeploymentPostprocessing = 0;
		};
		5EB256FF28823262003ABDCB /* Resources */ = {
			isa = PBXResourcesBuildPhase;
			buildActionMask = 2147483647;
			files = (
			);
			runOnlyForDeploymentPostprocessing = 0;
		};
/* End PBXResourcesBuildPhase section */

/* Begin PBXSourcesBuildPhase section */
		5EB256DD2882325E003ABDCB /* Sources */ = {
			isa = PBXSourcesBuildPhase;
			buildActionMask = 2147483647;
			files = (
				5EB256E92882325E003ABDCB /* ViewController.swift in Sources */,
				5EB256E52882325E003ABDCB /* AppDelegate.swift in Sources */,
				5EB256E72882325E003ABDCB /* SceneDelegate.swift in Sources */,
			);
			runOnlyForDeploymentPostprocessing = 0;
		};
		5EB256F328823262003ABDCB /* Sources */ = {
			isa = PBXSourcesBuildPhase;
			buildActionMask = 2147483647;
			files = (
				5EB256FC28823262003ABDCB /* PreworkTests.swift in Sources */,
			);
			runOnlyForDeploymentPostprocessing = 0;
		};
		5EB256FD28823262003ABDCB /* Sources */ = {
			isa = PBXSourcesBuildPhase;
			buildActionMask = 2147483647;
			files = (
				5EB2570628823262003ABDCB /* PreworkUITests.swift in Sources */,
				5EB2570828823262003ABDCB /* PreworkUITestsLaunchTests.swift in Sources */,
			);
			runOnlyForDeploymentPostprocessing = 0;
		};
/* End PBXSourcesBuildPhase section */

/* Begin PBXTargetDependency section */
		5EB256F928823262003ABDCB /* PBXTargetDependency */ = {
			isa = PBXTargetDependency;
			target = 5EB256E02882325E003ABDCB /* Prework */;
			targetProxy = 5EB256F828823262003ABDCB /* PBXContainerItemProxy */;
		};
		5EB2570328823262003ABDCB /* PBXTargetDependency */ = {
			isa = PBXTargetDependency;
			target = 5EB256E02882325E003ABDCB /* Prework */;
			targetProxy = 5EB2570228823262003ABDCB /* PBXContainerItemProxy */;
		};
/* End PBXTargetDependency section */

/* Begin PBXVariantGroup section */
		5EB256EA2882325E003ABDCB /* Main.storyboard */ = {
			isa = PBXVariantGroup;
			children = (
				5EB256EB2882325E003ABDCB /* Base */,
			);
			name = Main.storyboard;
			sourceTree = "<group>";
		};
		5EB256EF28823261003ABDCB /* LaunchScreen.storyboard */ = {
			isa = PBXVariantGroup;
			children = (
				5EB256F028823261003ABDCB /* Base */,
			);
			name = LaunchScreen.storyboard;
			sourceTree = "<group>";
		};
/* End PBXVariantGroup section */

/* Begin XCBuildConfiguration section */
		5EB2570928823262003ABDCB /* Debug */ = {
			isa = XCBuildConfiguration;
			buildSettings = {
				ALWAYS_SEARCH_USER_PATHS = NO;
				CLANG_ANALYZER_NONNULL = YES;
				CLANG_ANALYZER_NUMBER_OBJECT_CONVERSION = YES_AGGRESSIVE;
				CLANG_CXX_LANGUAGE_STANDARD = "gnu++17";
				CLANG_ENABLE_MODULES = YES;
				CLANG_ENABLE_OBJC_ARC = YES;
				CLANG_ENABLE_OBJC_WEAK = YES;
				CLANG_WARN_BLOCK_CAPTURE_AUTORELEASING = YES;
				CLANG_WARN_BOOL_CONVERSION = YES;
				CLANG_WARN_COMMA = YES;
				CLANG_WARN_CONSTANT_CONVERSION = YES;
				CLANG_WARN_DEPRECATED_OBJC_IMPLEMENTATIONS = YES;
				CLANG_WARN_DIRECT_OBJC_ISA_USAGE = YES_ERROR;
				CLANG_WARN_DOCUMENTATION_COMMENTS = YES;
				CLANG_WARN_EMPTY_BODY = YES;
				CLANG_WARN_ENUM_CONVERSION = YES;
				CLANG_WARN_INFINITE_RECURSION = YES;
				CLANG_WARN_INT_CONVERSION = YES;
				CLANG_WARN_NON_LITERAL_NULL_CONVERSION = YES;
				CLANG_WARN_OBJC_IMPLICIT_RETAIN_SELF = YES;
				CLANG_WARN_OBJC_LITERAL_CONVERSION = YES;
				CLANG_WARN_OBJC_ROOT_CLASS = YES_ERROR;
				CLANG_WARN_QUOTED_INCLUDE_IN_FRAMEWORK_HEADER = YES;
				CLANG_WARN_RANGE_LOOP_ANALYSIS = YES;
				CLANG_WARN_STRICT_PROTOTYPES = YES;
				CLANG_WARN_SUSPICIOUS_MOVE = YES;
				CLANG_WARN_UNGUARDED_AVAILABILITY = YES_AGGRESSIVE;
				CLANG_WARN_UNREACHABLE_CODE = YES;
				CLANG_WARN__DUPLICATE_METHOD_MATCH = YES;
				COPY_PHASE_STRIP = NO;
				DEBUG_INFORMATION_FORMAT = dwarf;
				ENABLE_STRICT_OBJC_MSGSEND = YES;
				ENABLE_TESTABILITY = YES;
				GCC_C_LANGUAGE_STANDARD = gnu11;
				GCC_DYNAMIC_NO_PIC = NO;
				GCC_NO_COMMON_BLOCKS = YES;
				GCC_OPTIMIZATION_LEVEL = 0;
				GCC_PREPROCESSOR_DEFINITIONS = (
					"DEBUG=1",
					"$(inherited)",
				);
				GCC_WARN_64_TO_32_BIT_CONVERSION = YES;
				GCC_WARN_ABOUT_RETURN_TYPE = YES_ERROR;
				GCC_WARN_UNDECLARED_SELECTOR = YES;
				GCC_WARN_UNINITIALIZED_AUTOS = YES_AGGRESSIVE;
				GCC_WARN_UNUSED_FUNCTION = YES;
				GCC_WARN_UNUSED_VARIABLE = YES;
				IPHONEOS_DEPLOYMENT_TARGET = 15.5;
				MTL_ENABLE_DEBUG_INFO = INCLUDE_SOURCE;
				MTL_FAST_MATH = YES;
				ONLY_ACTIVE_ARCH = YES;
				SDKROOT = iphoneos;
				SWIFT_ACTIVE_COMPILATION_CONDITIONS = DEBUG;
				SWIFT_OPTIMIZATION_LEVEL = "-Onone";
			};
			name = Debug;
		};
		5EB2570A28823262003ABDCB /* Release */ = {
			isa = XCBuildConfiguration;
			buildSettings = {
				ALWAYS_SEARCH_USER_PATHS = NO;
				CLANG_ANALYZER_NONNULL = YES;
				CLANG_ANALYZER_NUMBER_OBJECT_CONVERSION = YES_AGGRESSIVE;
				CLANG_CXX_LANGUAGE_STANDARD = "gnu++17";
				CLANG_ENABLE_MODULES = YES;
				CLANG_ENABLE_OBJC_ARC = YES;
				CLANG_ENABLE_OBJC_WEAK = YES;
				CLANG_WARN_BLOCK_CAPTURE_AUTORELEASING = YES;
				CLANG_WARN_BOOL_CONVERSION = YES;
				CLANG_WARN_COMMA = YES;
				CLANG_WARN_CONSTANT_CONVERSION = YES;
				CLANG_WARN_DEPRECATED_OBJC_IMPLEMENTATIONS = YES;
				CLANG_WARN_DIRECT_OBJC_ISA_USAGE = YES_ERROR;
				CLANG_WARN_DOCUMENTATION_COMMENTS = YES;
				CLANG_WARN_EMPTY_BODY = YES;
				CLANG_WARN_ENUM_CONVERSION = YES;
				CLANG_WARN_INFINITE_RECURSION = YES;
				CLANG_WARN_INT_CONVERSION = YES;
				CLANG_WARN_NON_LITERAL_NULL_CONVERSION = YES;
				CLANG_WARN_OBJC_IMPLICIT_RETAIN_SELF = YES;
				CLANG_WARN_OBJC_LITERAL_CONVERSION = YES;
				CLANG_WARN_OBJC_ROOT_CLASS = YES_ERROR;
				CLANG_WARN_QUOTED_INCLUDE_IN_FRAMEWORK_HEADER = YES;
				CLANG_WARN_RANGE_LOOP_ANALYSIS = YES;
				CLANG_WARN_STRICT_PROTOTYPES = YES;
				CLANG_WARN_SUSPICIOUS_MOVE = YES;
				CLANG_WARN_UNGUARDED_AVAILABILITY = YES_AGGRESSIVE;
				CLANG_WARN_UNREACHABLE_CODE = YES;
				CLANG_WARN__DUPLICATE_METHOD_MATCH = YES;
				COPY_PHASE_STRIP = NO;
				DEBUG_INFORMATION_FORMAT = "dwarf-with-dsym";
				ENABLE_NS_ASSERTIONS = NO;
				ENABLE_STRICT_OBJC_MSGSEND = YES;
				GCC_C_LANGUAGE_STANDARD = gnu11;
				GCC_NO_COMMON_BLOCKS = YES;
				GCC_WARN_64_TO_32_BIT_CONVERSION = YES;
				GCC_WARN_ABOUT_RETURN_TYPE = YES_ERROR;
				GCC_WARN_UNDECLARED_SELECTOR = YES;
				GCC_WARN_UNINITIALIZED_AUTOS = YES_AGGRESSIVE;
				GCC_WARN_UNUSED_FUNCTION = YES;
				GCC_WARN_UNUSED_VARIABLE = YES;
				IPHONEOS_DEPLOYMENT_TARGET = 15.5;
				MTL_ENABLE_DEBUG_INFO = NO;
				MTL_FAST_MATH = YES;
				SDKROOT = iphoneos;
				SWIFT_COMPILATION_MODE = wholemodule;
				SWIFT_OPTIMIZATION_LEVEL = "-O";
				VALIDATE_PRODUCT = YES;
			};
			name = Release;
		};
		5EB2570C28823262003ABDCB /* Debug */ = {
			isa = XCBuildConfiguration;
			buildSettings = {
				ASSETCATALOG_COMPILER_APPICON_NAME = AppIcon;
				ASSETCATALOG_COMPILER_GLOBAL_ACCENT_COLOR_NAME = AccentColor;
				CODE_SIGN_STYLE = Automatic;
				CURRENT_PROJECT_VERSION = 1;
				DEVELOPMENT_TEAM = L633JN5U5C;
				GENERATE_INFOPLIST_FILE = YES;
				INFOPLIST_FILE = Prework/Info.plist;
				INFOPLIST_KEY_UIApplicationSupportsIndirectInputEvents = YES;
				INFOPLIST_KEY_UILaunchStoryboardName = LaunchScreen;
				INFOPLIST_KEY_UIMainStoryboardFile = Main;
				INFOPLIST_KEY_UISupportedInterfaceOrientations_iPad = "UIInterfaceOrientationPortrait UIInterfaceOrientationPortraitUpsideDown UIInterfaceOrientationLandscapeLeft UIInterfaceOrientationLandscapeRight";
				INFOPLIST_KEY_UISupportedInterfaceOrientations_iPhone = "UIInterfaceOrientationPortrait UIInterfaceOrientationLandscapeLeft UIInterfaceOrientationLandscapeRight";
				LD_RUNPATH_SEARCH_PATHS = (
					"$(inherited)",
					"@executable_path/Frameworks",
				);
				MARKETING_VERSION = 1.0;
				PRODUCT_BUNDLE_IDENTIFIER = com.ios.shuk.dev.Prework;
				PRODUCT_NAME = "$(TARGET_NAME)";
				SWIFT_EMIT_LOC_STRINGS = YES;
				SWIFT_VERSION = 5.0;
				TARGETED_DEVICE_FAMILY = "1,2";
			};
			name = Debug;
		};
		5EB2570D28823262003ABDCB /* Release */ = {
			isa = XCBuildConfiguration;
			buildSettings = {
				ASSETCATALOG_COMPILER_APPICON_NAME = AppIcon;
				ASSETCATALOG_COMPILER_GLOBAL_ACCENT_COLOR_NAME = AccentColor;
				CODE_SIGN_STYLE = Automatic;
				CURRENT_PROJECT_VERSION = 1;
				DEVELOPMENT_TEAM = L633JN5U5C;
				GENERATE_INFOPLIST_FILE = YES;
				INFOPLIST_FILE = Prework/Info.plist;
				INFOPLIST_KEY_UIApplicationSupportsIndirectInputEvents = YES;
				INFOPLIST_KEY_UILaunchStoryboardName = LaunchScreen;
				INFOPLIST_KEY_UIMainStoryboardFile = Main;
				INFOPLIST_KEY_UISupportedInterfaceOrientations_iPad = "UIInterfaceOrientationPortrait UIInterfaceOrientationPortraitUpsideDown UIInterfaceOrientationLandscapeLeft UIInterfaceOrientationLandscapeRight";
				INFOPLIST_KEY_UISupportedInterfaceOrientations_iPhone = "UIInterfaceOrientationPortrait UIInterfaceOrientationLandscapeLeft UIInterfaceOrientationLandscapeRight";
				LD_RUNPATH_SEARCH_PATHS = (
					"$(inherited)",
					"@executable_path/Frameworks",
				);
				MARKETING_VERSION = 1.0;
				PRODUCT_BUNDLE_IDENTIFIER = com.ios.shuk.dev.Prework;
				PRODUCT_NAME = "$(TARGET_NAME)";
				SWIFT_EMIT_LOC_STRINGS = YES;
				SWIFT_VERSION = 5.0;
				TARGETED_DEVICE_FAMILY = "1,2";
			};
			name = Release;
		};
		5EB2570F28823262003ABDCB /* Debug */ = {
			isa = XCBuildConfiguration;
			buildSettings = {
				ALWAYS_EMBED_SWIFT_STANDARD_LIBRARIES = YES;
				BUNDLE_LOADER = "$(TEST_HOST)";
				CODE_SIGN_STYLE = Automatic;
				CURRENT_PROJECT_VERSION = 1;
				DEVELOPMENT_TEAM = L633JN5U5C;
				GENERATE_INFOPLIST_FILE = YES;
				IPHONEOS_DEPLOYMENT_TARGET = 15.5;
				MARKETING_VERSION = 1.0;
				PRODUCT_BUNDLE_IDENTIFIER = com.ios.shuk.dev.PreworkTests;
				PRODUCT_NAME = "$(TARGET_NAME)";
				SWIFT_EMIT_LOC_STRINGS = NO;
				SWIFT_VERSION = 5.0;
				TARGETED_DEVICE_FAMILY = "1,2";
				TEST_HOST = "$(BUILT_PRODUCTS_DIR)/Prework.app/Prework";
			};
			name = Debug;
		};
		5EB2571028823262003ABDCB /* Release */ = {
			isa = XCBuildConfiguration;
			buildSettings = {
				ALWAYS_EMBED_SWIFT_STANDARD_LIBRARIES = YES;
				BUNDLE_LOADER = "$(TEST_HOST)";
				CODE_SIGN_STYLE = Automatic;
				CURRENT_PROJECT_VERSION = 1;
				DEVELOPMENT_TEAM = L633JN5U5C;
				GENERATE_INFOPLIST_FILE = YES;
				IPHONEOS_DEPLOYMENT_TARGET = 15.5;
				MARKETING_VERSION = 1.0;
				PRODUCT_BUNDLE_IDENTIFIER = com.ios.shuk.dev.PreworkTests;
				PRODUCT_NAME = "$(TARGET_NAME)";
				SWIFT_EMIT_LOC_STRINGS = NO;
				SWIFT_VERSION = 5.0;
				TARGETED_DEVICE_FAMILY = "1,2";
				TEST_HOST = "$(BUILT_PRODUCTS_DIR)/Prework.app/Prework";
			};
			name = Release;
		};
		5EB2571228823262003ABDCB /* Debug */ = {
			isa = XCBuildConfiguration;
			buildSettings = {
				ALWAYS_EMBED_SWIFT_STANDARD_LIBRARIES = YES;
				CODE_SIGN_STYLE = Automatic;
				CURRENT_PROJECT_VERSION = 1;
				DEVELOPMENT_TEAM = L633JN5U5C;
				GENERATE_INFOPLIST_FILE = YES;
				MARKETING_VERSION = 1.0;
				PRODUCT_BUNDLE_IDENTIFIER = com.ios.shuk.dev.PreworkUITests;
				PRODUCT_NAME = "$(TARGET_NAME)";
				SWIFT_EMIT_LOC_STRINGS = NO;
				SWIFT_VERSION = 5.0;
				TARGETED_DEVICE_FAMILY = "1,2";
				TEST_TARGET_NAME = Prework;
			};
			name = Debug;
		};
		5EB2571328823262003ABDCB /* Release */ = {
			isa = XCBuildConfiguration;
			buildSettings = {
				ALWAYS_EMBED_SWIFT_STANDARD_LIBRARIES = YES;
				CODE_SIGN_STYLE = Automatic;
				CURRENT_PROJECT_VERSION = 1;
				DEVELOPMENT_TEAM = L633JN5U5C;
				GENERATE_INFOPLIST_FILE = YES;
				MARKETING_VERSION = 1.0;
				PRODUCT_BUNDLE_IDENTIFIER = com.ios.shuk.dev.PreworkUITests;
				PRODUCT_NAME = "$(TARGET_NAME)";
				SWIFT_EMIT_LOC_STRINGS = NO;
				SWIFT_VERSION = 5.0;
				TARGETED_DEVICE_FAMILY = "1,2";
				TEST_TARGET_NAME = Prework;
			};
			name = Release;
		};
/* End XCBuildConfiguration section */

/* Begin XCConfigurationList section */
		5EB256DC2882325E003ABDCB /* Build configuration list for PBXProject "Prework" */ = {
			isa = XCConfigurationList;
			buildConfigurations = (
				5EB2570928823262003ABDCB /* Debug */,
				5EB2570A28823262003ABDCB /* Release */,
			);
			defaultConfigurationIsVisible = 0;
			defaultConfigurationName = Release;
		};
		5EB2570B28823262003ABDCB /* Build configuration list for PBXNativeTarget "Prework" */ = {
			isa = XCConfigurationList;
			buildConfigurations = (
				5EB2570C28823262003ABDCB /* Debug */,
				5EB2570D28823262003ABDCB /* Release */,
			);
			defaultConfigurationIsVisible = 0;
			defaultConfigurationName = Release;
		};
		5EB2570E28823262003ABDCB /* Build configuration list for PBXNativeTarget "PreworkTests" */ = {
			isa = XCConfigurationList;
			buildConfigurations = (
				5EB2570F28823262003ABDCB /* Debug */,
				5EB2571028823262003ABDCB /* Release */,
			);
			defaultConfigurationIsVisible = 0;
			defaultConfigurationName = Release;
		};
		5EB2571128823262003ABDCB /* Build configuration list for PBXNativeTarget "PreworkUITests" */ = {
			isa = XCConfigurationList;
			buildConfigurations = (
				5EB2571228823262003ABDCB /* Debug */,
				5EB2571328823262003ABDCB /* Release */,
			);
			defaultConfigurationIsVisible = 0;
			defaultConfigurationName = Release;
		};
/* End XCConfigurationList section */
	};
	rootObject = 5EB256D92882325E003ABDCB /* Project object */;
}
